
Microsoft Visual Studio Solution File, Format Version 12.00
# Visual Studio 14
VisualStudioVersion = 14.0.25420.1
MinimumVisualStudioVersion = 10.0.40219.1
Project("{2150E333-8FDC-42A3-9474-1A3956D46DE8}") = "lib", "lib", "{D684F7FF-9FCD-455B-B156-CBAAFB098491}"
EndProject
Project("{2150E333-8FDC-42A3-9474-1A3956D46DE8}") = "src", "src", "{57A2CBE8-B6AB-4414-9DFA-C89E7D585134}"
EndProject
Project("{2150E333-8FDC-42A3-9474-1A3956D46DE8}") = "Models", "Models", "{B6F6D66F-C64B-45C1-A1DF-834CA9F5FD8A}"
EndProject
Project("{FAE04EC0-301F-11D3-BF4B-00C04F79EFBC}") = "Yckj.YcFdyth.Model", "Yckj.YcFdyth.Model\Yckj.YcFdyth.Model.csproj", "{13174402-752F-48CF-8E66-0DF3618647E3}"
EndProject
Project("{2150E333-8FDC-42A3-9474-1A3956D46DE8}") = "Repository", "Repository", "{1080EC82-757A-4916-AB40-17AD81069327}"
EndProject
Project("{FAE04EC0-301F-11D3-BF4B-00C04F79EFBC}") = "Yckj.YcFdyth.IRepository", "Yckj.YcFdyth.IRepository\Yckj.YcFdyth.IRepository.csproj", "{B11947F9-4BD6-427A-A571-BFD4093366EE}"
EndProject
Project("{FAE04EC0-301F-11D3-BF4B-00C04F79EFBC}") = "Yckj.YcFdyth.Repository", "Yckj.YcFdyth.Repository\Yckj.YcFdyth.Repository.csproj", "{930B94E0-3DEE-4F7A-8318-CE57E2369D44}"
EndProject
Project("{2150E333-8FDC-42A3-9474-1A3956D46DE8}") = "Services", "Services", "{459DE634-4880-4A31-8C09-7511F677DEF2}"
EndProject
Project("{FAE04EC0-301F-11D3-BF4B-00C04F79EFBC}") = "Yckj.YcFdyth.IService", "Yckj.YcFdyth.IService\Yckj.YcFdyth.IService.csproj", "{54E2765F-6FBF-4305-A2C2-3F80ACFE6A00}"
EndProject
Project("{FAE04EC0-301F-11D3-BF4B-00C04F79EFBC}") = "Yckj.YcFdyth.Service", "Yckj.YcFdyth.Service\Yckj.YcFdyth.Service.csproj", "{E60B04BA-BD73-48A4-AB11-CB8F240A013B}"
EndProject
Project("{2150E333-8FDC-42A3-9474-1A3956D46DE8}") = "Client", "Client", "{49589F81-63B0-47E5-B45E-27124AB6951F}"
EndProject
Project("{2150E333-8FDC-42A3-9474-1A3956D46DE8}") = "Common", "Common", "{FF292580-BC94-45B0-8D58-9FBC540459F5}"
EndProject
Project("{FAE04EC0-301F-11D3-BF4B-00C04F79EFBC}") = "YcFdyth.Client", "YcFdyth.Client\YcFdyth.Client.csproj", "{A0E79ECE-49C1-4D10-B9BD-9185840081AA}"
EndProject
Project("{FAE04EC0-301F-11D3-BF4B-00C04F79EFBC}") = "Yckj.YcFdyth.Common", "Yckj.YcFdyth.Common\Yckj.YcFdyth.Common.csproj", "{D860723E-FAD7-4D63-A620-BD4EC2D4C346}"
EndProject
Global
	GlobalSection(SolutionConfigurationPlatforms) = preSolution
		Debug|Any CPU = Debug|Any CPU
		Release|Any CPU = Release|Any CPU
	EndGlobalSection
	GlobalSection(ProjectConfigurationPlatforms) = postSolution
		{13174402-752F-48CF-8E66-0DF3618647E3}.Debug|Any CPU.ActiveCfg = Debug|Any CPU
		{13174402-752F-48CF-8E66-0DF3618647E3}.Debug|Any CPU.Build.0 = Debug|Any CPU
		{13174402-752F-48CF-8E66-0DF3618647E3}.Release|Any CPU.ActiveCfg = Release|Any CPU
		{13174402-752F-48CF-8E66-0DF3618647E3}.Release|Any CPU.Build.0 = Release|Any CPU
		{B11947F9-4BD6-427A-A571-BFD4093366EE}.Debug|Any CPU.ActiveCfg = Debug|Any CPU
		{B11947F9-4BD6-427A-A571-BFD4093366EE}.Debug|Any CPU.Build.0 = Debug|Any CPU
		{B11947F9-4BD6-427A-A571-BFD4093366EE}.Release|Any CPU.ActiveCfg = Release|Any CPU
		{B11947F9-4BD6-427A-A571-BFD4093366EE}.Release|Any CPU.Build.0 = Release|Any CPU
		{930B94E0-3DEE-4F7A-8318-CE57E2369D44}.Debug|Any CPU.ActiveCfg = Debug|Any CPU
		{930B94E0-3DEE-4F7A-8318-CE57E2369D44}.Debug|Any CPU.Build.0 = Debug|Any CPU
		{930B94E0-3DEE-4F7A-8318-CE57E2369D44}.Release|Any CPU.ActiveCfg = Release|Any CPU
		{930B94E0-3DEE-4F7A-8318-CE57E2369D44}.Release|Any CPU.Build.0 = Release|Any CPU
		{54E2765F-6FBF-4305-A2C2-3F80ACFE6A00}.Debug|Any CPU.ActiveCfg = Debug|Any CPU
		{54E2765F-6FBF-4305-A2C2-3F80ACFE6A00}.Debug|Any CPU.Build.0 = Debug|Any CPU
		{54E2765F-6FBF-4305-A2C2-3F80ACFE6A00}.Release|Any CPU.ActiveCfg = Release|Any CPU
		{54E2765F-6FBF-4305-A2C2-3F80ACFE6A00}.Release|Any CPU.Build.0 = Release|Any CPU
		{E60B04BA-BD73-48A4-AB11-CB8F240A013B}.Debug|Any CPU.ActiveCfg = Debug|Any CPU
		{E60B04BA-BD73-48A4-AB11-CB8F240A013B}.Debug|Any CPU.Build.0 = Debug|Any CPU
		{E60B04BA-BD73-48A4-AB11-CB8F240A013B}.Release|Any CPU.ActiveCfg = Release|Any CPU
		{E60B04BA-BD73-48A4-AB11-CB8F240A013B}.Release|Any CPU.Build.0 = Release|Any CPU
		{A0E79ECE-49C1-4D10-B9BD-9185840081AA}.Debug|Any CPU.ActiveCfg = Debug|Any CPU
		{A0E79ECE-49C1-4D10-B9BD-9185840081AA}.Debug|Any CPU.Build.0 = Debug|Any CPU
		{A0E79ECE-49C1-4D10-B9BD-9185840081AA}.Release|Any CPU.ActiveCfg = Release|Any CPU
		{A0E79ECE-49C1-4D10-B9BD-9185840081AA}.Release|Any CPU.Build.0 = Release|Any CPU
		{D860723E-FAD7-4D63-A620-BD4EC2D4C346}.Debug|Any CPU.ActiveCfg = Debug|Any CPU
		{D860723E-FAD7-4D63-A620-BD4EC2D4C346}.Debug|Any CPU.Build.0 = Debug|Any CPU
		{D860723E-FAD7-4D63-A620-BD4EC2D4C346}.Release|Any CPU.ActiveCfg = Release|Any CPU
		{D860723E-FAD7-4D63-A620-BD4EC2D4C346}.Release|Any CPU.Build.0 = Release|Any CPU
	EndGlobalSection
	GlobalSection(SolutionProperties) = preSolution
		HideSolutionNode = FALSE
	EndGlobalSection
	GlobalSection(NestedProjects) = preSolution
		{B6F6D66F-C64B-45C1-A1DF-834CA9F5FD8A} = {57A2CBE8-B6AB-4414-9DFA-C89E7D585134}
		{13174402-752F-48CF-8E66-0DF3618647E3} = {B6F6D66F-C64B-45C1-A1DF-834CA9F5FD8A}
		{1080EC82-757A-4916-AB40-17AD81069327} = {57A2CBE8-B6AB-4414-9DFA-C89E7D585134}
		{B11947F9-4BD6-427A-A571-BFD4093366EE} = {1080EC82-757A-4916-AB40-17AD81069327}
		{930B94E0-3DEE-4F7A-8318-CE57E2369D44} = {1080EC82-757A-4916-AB40-17AD81069327}
		{459DE634-4880-4A31-8C09-7511F677DEF2} = {57A2CBE8-B6AB-4414-9DFA-C89E7D585134}
		{54E2765F-6FBF-4305-A2C2-3F80ACFE6A00} = {459DE634-4880-4A31-8C09-7511F677DEF2}
		{E60B04BA-BD73-48A4-AB11-CB8F240A013B} = {459DE634-4880-4A31-8C09-7511F677DEF2}
		{49589F81-63B0-47E5-B45E-27124AB6951F} = {57A2CBE8-B6AB-4414-9DFA-C89E7D585134}
		{FF292580-BC94-45B0-8D58-9FBC540459F5} = {57A2CBE8-B6AB-4414-9DFA-C89E7D585134}
		{A0E79ECE-49C1-4D10-B9BD-9185840081AA} = {49589F81-63B0-47E5-B45E-27124AB6951F}
		{D860723E-FAD7-4D63-A620-BD4EC2D4C346} = {FF292580-BC94-45B0-8D58-9FBC540459F5}
	EndGlobalSection
EndGlobal
